
Microsoft Visual Studio Solution File, Format Version 12.00
# Visual Studio Version 16
VisualStudioVersion = 16.0.30517.126
MinimumVisualStudioVersion = 10.0.40219.1
Project("{9A19103F-16F7-4668-BE54-9A1E7A4F7556}") = "handshakeMobile", "handshakeMobile\handshakeMobile.csproj", "{C180AF6A-E750-4419-A6E2-751556509058}"
EndProject
Project("{FAE04EC0-301F-11D3-BF4B-00C04F79EFBC}") = "handshakeMobile.Android", "handshakeMobile.Android\handshakeMobile.Android.csproj", "{D3F370B6-4591-478A-8B61-6EA834B81966}"
EndProject
Global
	GlobalSection(SolutionConfigurationPlatforms) = preSolution
		Debug|Any CPU = Debug|Any CPU
		Release|Any CPU = Release|Any CPU
	EndGlobalSection
	GlobalSection(ProjectConfigurationPlatforms) = postSolution
		{C180AF6A-E750-4419-A6E2-751556509058}.Debug|Any CPU.ActiveCfg = Debug|Any CPU
		{C180AF6A-E750-4419-A6E2-751556509058}.Debug|Any CPU.Build.0 = Debug|Any CPU
		{C180AF6A-E750-4419-A6E2-751556509058}.Release|Any CPU.ActiveCfg = Release|Any CPU
		{C180AF6A-E750-4419-A6E2-751556509058}.Release|Any CPU.Build.0 = Release|Any CPU
		{D3F370B6-4591-478A-8B61-6EA834B81966}.Debug|Any CPU.ActiveCfg = Debug|Any CPU
		{D3F370B6-4591-478A-8B61-6EA834B81966}.Debug|Any CPU.Build.0 = Debug|Any CPU
		{D3F370B6-4591-478A-8B61-6EA834B81966}.Debug|Any CPU.Deploy.0 = Debug|Any CPU
		{D3F370B6-4591-478A-8B61-6EA834B81966}.Release|Any CPU.ActiveCfg = Release|Any CPU
		{D3F370B6-4591-478A-8B61-6EA834B81966}.Release|Any CPU.Build.0 = Release|Any CPU
		{D3F370B6-4591-478A-8B61-6EA834B81966}.Release|Any CPU.Deploy.0 = Release|Any CPU
	EndGlobalSection
	GlobalSection(SolutionProperties) = preSolution
		HideSolutionNode = FALSE
	EndGlobalSection
	GlobalSection(ExtensibilityGlobals) = postSolution
		SolutionGuid = {AD430061-A625-48BF-9BD7-EE6441ADF770}
	EndGlobalSection
EndGlobal
